
Microsoft Visual Studio Solution File, Format Version 12.00
# Visual Studio Version 17
VisualStudioVersion = 17.9.34607.119
MinimumVisualStudioVersion = 10.0.40219.1
Project("{FAE04EC0-301F-11D3-BF4B-00C04F79EFBC}") = "desafio1", "desafio1\desafio1.csproj", "{375F4F9F-311F-4D85-BFB1-839AD30D21A0}"
EndProject
Global
	GlobalSection(SolutionConfigurationPlatforms) = preSolution
		Debug|Any CPU = Debug|Any CPU
		Release|Any CPU = Release|Any CPU
	EndGlobalSection
	GlobalSection(ProjectConfigurationPlatforms) = postSolution
		{375F4F9F-311F-4D85-BFB1-839AD30D21A0}.Debug|Any CPU.ActiveCfg = Debug|Any CPU
		{375F4F9F-311F-4D85-BFB1-839AD30D21A0}.Debug|Any CPU.Build.0 = Debug|Any CPU
		{375F4F9F-311F-4D85-BFB1-839AD30D21A0}.Release|Any CPU.ActiveCfg = Release|Any CPU
		{375F4F9F-311F-4D85-BFB1-839AD30D21A0}.Release|Any CPU.Build.0 = Release|Any CPU
	EndGlobalSection
	GlobalSection(SolutionProperties) = preSolution
		HideSolutionNode = FALSE
	EndGlobalSection
	GlobalSection(ExtensibilityGlobals) = postSolution
		SolutionGuid = {C8FFDA28-F982-4284-9ACE-9E94B3A455E7}
	EndGlobalSection
EndGlobal
